<?xml version="1.0" encoding="utf-8"?>
<Project ToolsVersion="4.0" xmlns="http://schemas.microsoft.com/developer/msbuild/2003">
  <ItemGroup>
    <Filter Include="Source Files">
      <UniqueIdentifier>{0f8cb0c5-8160-4a81-8a97-f5359e746d1d}</UniqueIdentifier>
      <Extensions>cpp</Extensions>
    </Filter>
    <Filter Include="Header Files">
      <UniqueIdentifier>{44032b26-c8c6-4833-b33f-0f9d103fd5fd}</UniqueIdentifier>
      <Extensions>h</Extensions>
    </Filter>
    <Filter Include="Miscellaneous Files">
      <UniqueIdentifier>{f19e6f12-141c-4831-8263-b680084f2a5f}</UniqueIdentifier>
      <Extensions>txt</Extensions>
    </Filter>
  </ItemGroup>
  <ItemGroup>
    <ClInclude Include="include\api_macros.h">
      <Filter>Header Files</Filter>
    </ClInclude>
    <ClInclude Include="include\SphericalCoordinates.h">
      <Filter>Header Files</Filter>
    </ClInclude>
    <ClInclude Include="include\CubicBlendNode.h">
      <Filter>Header Files</Filter>
    </ClInclude>
  </ItemGroup>
  <ItemGroup>
    <ClCompile Include="src\Bachelor.cpp">
      <Filter>Source Files</Filter>
    </ClCompile>
    <ClCompile Include="src\SphericalCoordinates.cpp">
      <Filter>Source Files</Filter>
    </ClCompile>
    <ClCompile Include="src\CubicBlendNode.cpp">
      <Filter>Source Files</Filter>
    </ClCompile>
  </ItemGroup>
</Project>